{
  "name": "worker",
  "version": "1.0.0",
  "lockfileVersion": 2,
  "requires": true,
  "packages": {
    "": {
      "name": "worker",
      "version": "1.0.0",
      "license": "MIT",
      "dependencies": {
        "itty-router": "^2.4.4",
        "nanoid": "^3.1.30",
        "nanoid-dictionary": "^4.3.0"
      },
      "devDependencies": {
        "prettier": "^1.18.2"
      }
    },
    "node_modules/itty-router": {
      "version": "2.4.4",
      "resolved": "https://registry.npmjs.org/itty-router/-/itty-router-2.4.4.tgz",
      "integrity": "sha512-mp5i47ZotK94FHondKJTZn/0dBAFzFpZpiHWn+aCgr/sg9cIVzt1gvLCKsXMkcHgKejb9GdhqvOfh7VYJJlQoQ=="
    },
    "node_modules/nanoid": {
      "version": "3.1.30",
      "resolved": "https://registry.npmjs.org/nanoid/-/nanoid-3.1.30.tgz",
      "integrity": "sha512-zJpuPDwOv8D2zq2WRoMe1HsfZthVewpel9CAvTfc/2mBD1uUT/agc5f7GHGWXlYkFvi1mVxe4IjvP2HNrop7nQ==",
      "bin": {
        "nanoid": "bin/nanoid.cjs"
      },
      "engines": {
        "node": "^10 || ^12 || ^13.7 || ^14 || >=15.0.1"
      }
    },
    "node_modules/nanoid-dictionary": {
      "version": "4.3.0",
      "resolved": "https://registry.npmjs.org/nanoid-dictionary/-/nanoid-dictionary-4.3.0.tgz",
      "integrity": "sha512-Xw1+/QnRGWO1KJ0rLfU1xR85qXmAHyLbE3TUkklu9gOIDburP6CsUnLmTaNECGpBh5SHb2uPFmx0VT8UPyoeyw=="
    },
    "node_modules/prettier": {
      "version": "1.19.1",
      "resolved": "https://registry.npmjs.org/prettier/-/prettier-1.19.1.tgz",
      "integrity": "sha512-s7PoyDv/II1ObgQunCbB9PdLmUcBZcnWOcxDh7O0N/UwDEsHyqkW+Qh28jW+mVuCdx7gLB0BotYI1Y6uI9iyew==",
      "dev": true,
      "bin": {
        "prettier": "bin-prettier.js"
      },
      "engines": {
        "node": ">=4"
      }
    }
  },
  "dependencies": {
    "itty-router": {
      "version": "2.4.4",
      "resolved": "https://registry.npmjs.org/itty-router/-/itty-router-2.4.4.tgz",
      "integrity": "sha512-mp5i47ZotK94FHondKJTZn/0dBAFzFpZpiHWn+aCgr/sg9cIVzt1gvLCKsXMkcHgKejb9GdhqvOfh7VYJJlQoQ=="
    },
    "nanoid": {
      "version": "3.1.30",
      "resolved": "https://registry.npmjs.org/nanoid/-/nanoid-3.1.30.tgz",
      "integrity": "sha512-zJpuPDwOv8D2zq2WRoMe1HsfZthVewpel9CAvTfc/2mBD1uUT/agc5f7GHGWXlYkFvi1mVxe4IjvP2HNrop7nQ=="
    },
    "nanoid-dictionary": {
      "version": "4.3.0",
      "resolved": "https://registry.npmjs.org/nanoid-dictionary/-/nanoid-dictionary-4.3.0.tgz",
      "integrity": "sha512-Xw1+/QnRGWO1KJ0rLfU1xR85qXmAHyLbE3TUkklu9gOIDburP6CsUnLmTaNECGpBh5SHb2uPFmx0VT8UPyoeyw=="
    },
    "prettier": {
      "version": "1.19.1",
      "resolved": "https://registry.npmjs.org/prettier/-/prettier-1.19.1.tgz",
      "integrity": "sha512-s7PoyDv/II1ObgQunCbB9PdLmUcBZcnWOcxDh7O0N/UwDEsHyqkW+Qh28jW+mVuCdx7gLB0BotYI1Y6uI9iyew==",
      "dev": true
    }
  }
}
